
Microsoft Visual Studio Solution File, Format Version 12.00
# Visual Studio Version 17
VisualStudioVersion = 17.6.33829.357
MinimumVisualStudioVersion = 10.0.40219.1
Project("{9A19103F-16F7-4668-BE54-9A1E7A4F7556}") = "HiveGame", "HiveGameAPI\HiveGame.csproj", "{5DE50D52-7ABF-407C-B397-86A87404C536}"
EndProject
Project("{9A19103F-16F7-4668-BE54-9A1E7A4F7556}") = "HiveGame.BusinessLogic", "HiveGame.BusinessLogic\HiveGame.BusinessLogic.csproj", "{E1605F89-2035-40AA-92F6-D51F39A4D4B9}"
EndProject
Project("{9A19103F-16F7-4668-BE54-9A1E7A4F7556}") = "HiveGame.Core", "HiveGame.Core\HiveGame.Core.csproj", "{975C381D-9371-424D-866E-EE5F98D6F455}"
EndProject
Project("{FAE04EC0-301F-11D3-BF4B-00C04F79EFBC}") = "HiveGameTests", "HiveGameTests\HiveGameTests.csproj", "{C4F9C89C-6E76-4606-8352-3CA73B291E61}"
EndProject
Global
	GlobalSection(SolutionConfigurationPlatforms) = preSolution
		Debug|Any CPU = Debug|Any CPU
		Release|Any CPU = Release|Any CPU
	EndGlobalSection
	GlobalSection(ProjectConfigurationPlatforms) = postSolution
		{5DE50D52-7ABF-407C-B397-86A87404C536}.Debug|Any CPU.ActiveCfg = Debug|Any CPU
		{5DE50D52-7ABF-407C-B397-86A87404C536}.Debug|Any CPU.Build.0 = Debug|Any CPU
		{5DE50D52-7ABF-407C-B397-86A87404C536}.Release|Any CPU.ActiveCfg = Release|Any CPU
		{5DE50D52-7ABF-407C-B397-86A87404C536}.Release|Any CPU.Build.0 = Release|Any CPU
		{E1605F89-2035-40AA-92F6-D51F39A4D4B9}.Debug|Any CPU.ActiveCfg = Debug|Any CPU
		{E1605F89-2035-40AA-92F6-D51F39A4D4B9}.Debug|Any CPU.Build.0 = Debug|Any CPU
		{E1605F89-2035-40AA-92F6-D51F39A4D4B9}.Release|Any CPU.ActiveCfg = Release|Any CPU
		{E1605F89-2035-40AA-92F6-D51F39A4D4B9}.Release|Any CPU.Build.0 = Release|Any CPU
		{975C381D-9371-424D-866E-EE5F98D6F455}.Debug|Any CPU.ActiveCfg = Debug|Any CPU
		{975C381D-9371-424D-866E-EE5F98D6F455}.Debug|Any CPU.Build.0 = Debug|Any CPU
		{975C381D-9371-424D-866E-EE5F98D6F455}.Release|Any CPU.ActiveCfg = Release|Any CPU
		{975C381D-9371-424D-866E-EE5F98D6F455}.Release|Any CPU.Build.0 = Release|Any CPU
		{C4F9C89C-6E76-4606-8352-3CA73B291E61}.Debug|Any CPU.ActiveCfg = Debug|Any CPU
		{C4F9C89C-6E76-4606-8352-3CA73B291E61}.Debug|Any CPU.Build.0 = Debug|Any CPU
		{C4F9C89C-6E76-4606-8352-3CA73B291E61}.Release|Any CPU.ActiveCfg = Release|Any CPU
		{C4F9C89C-6E76-4606-8352-3CA73B291E61}.Release|Any CPU.Build.0 = Release|Any CPU
	EndGlobalSection
	GlobalSection(SolutionProperties) = preSolution
		HideSolutionNode = FALSE
	EndGlobalSection
	GlobalSection(ExtensibilityGlobals) = postSolution
		SolutionGuid = {82AAB52C-C976-473B-9C9B-5159D6AC4729}
	EndGlobalSection
EndGlobal
